
Microsoft Visual Studio Solution File, Format Version 12.00
# Visual Studio Version 17
VisualStudioVersion = 17.9.34728.123
MinimumVisualStudioVersion = 10.0.40219.1
Project("{FAE04EC0-301F-11D3-BF4B-00C04F79EFBC}") = "PqnASPLesson9", "PqnASPLesson9\PqnASPLesson9.csproj", "{57A6819D-7BB7-4907-85FB-B536A80BAE1A}"
EndProject
Global
	GlobalSection(SolutionConfigurationPlatforms) = preSolution
		Debug|Any CPU = Debug|Any CPU
		Release|Any CPU = Release|Any CPU
	EndGlobalSection
	GlobalSection(ProjectConfigurationPlatforms) = postSolution
		{57A6819D-7BB7-4907-85FB-B536A80BAE1A}.Debug|Any CPU.ActiveCfg = Debug|Any CPU
		{57A6819D-7BB7-4907-85FB-B536A80BAE1A}.Debug|Any CPU.Build.0 = Debug|Any CPU
		{57A6819D-7BB7-4907-85FB-B536A80BAE1A}.Release|Any CPU.ActiveCfg = Release|Any CPU
		{57A6819D-7BB7-4907-85FB-B536A80BAE1A}.Release|Any CPU.Build.0 = Release|Any CPU
	EndGlobalSection
	GlobalSection(SolutionProperties) = preSolution
		HideSolutionNode = FALSE
	EndGlobalSection
	GlobalSection(ExtensibilityGlobals) = postSolution
		SolutionGuid = {2EC87368-071C-4D7B-A0CE-9E7DB0FDEC03}
	EndGlobalSection
EndGlobal
